dependencies:
- name: base
  repository: file://../../../base
  version: 1.0.0
- name: immich
  repository: oci://ghcr.io/immich-app/immich-charts
  version: 0.13.3
- name: cluster
  repository: https://cloudnative-pg.github.io/charts
  version: 0.8.1
digest: sha256:efc6fbe767e706c031e882b9ac1ce5e2b0d71ee7a0523aea912fc1db554aa004
generated: "2026-10-06T13:40:41.122712466Z"
