dependencies:
- name: base
  repository: file://../../../base
  version: 1.0.0
- name: immich
  repository: oci://ghcr.io/immich-app/immich-charts
  version: 0.13.4
- name: cluster
  repository: https://cloudnative-pg.github.io/charts
  version: 0.8.1
digest: sha256:b380211d730c9babe611f16e0767f2b0b2ca5e3c97f427c751c74c084dec23ce
generated: "2026-10-07T21:02:34.552628763Z"
