dependencies:
- name: base
  repository: file://../../../base
  version: 1.0.0
- name: immich
  repository: oci://ghcr.io/immich-app/immich-charts
  version: 0.13.1
- name: cluster
  repository: https://cloudnative-pg.github.io/charts
  version: 0.8.1
digest: sha256:8a589326a511070033648904b233b2c25b392c4e380506253e598aa11b57a197
generated: "2026-07-20T23:08:38.666096903Z"
