dependencies:
- name: base
  repository: file://../../../base
  version: 1.0.0
- name: nextcloud
  repository: https://nextcloud.github.io/helm
  version: 9.2.2
- name: cluster
  repository: https://cloudnative-pg.github.io/charts
  version: 0.7.0
digest: sha256:830361d05e3451ad1e79c17bdbe3c0bfac6d23b1e844854e9a26c02e511dc1cb
generated: "2026-07-15T12:54:29.400330906Z"
