dependencies:
- name: base
  repository: file://../../../base
  version: 1.0.0
- name: nextcloud
  repository: https://nextcloud.github.io/helm
  version: 9.2.7
- name: cluster
  repository: https://cloudnative-pg.github.io/charts
  version: 0.8.1
digest: sha256:de10be4e542c4925f2da19c685fff11d2a90aeb80cd314712ed28902e9d22fb8
generated: "2026-09-19T20:55:35.966736641Z"
