dependencies:
- name: base
  repository: file://../../../base
  version: 1.0.0
- name: nextcloud
  repository: https://nextcloud.github.io/helm
  version: 9.3.0
- name: cluster
  repository: https://cloudnative-pg.github.io/charts
  version: 0.8.1
digest: sha256:083b15a26462ccfe583e19ff21568d4a6d0970184084b3ab03c5e3625488757e
generated: "2026-09-25T04:35:52.10135985Z"
