dependencies:
- name: base
  repository: file://../../../base
  version: 1.0.0
- name: grafana
  repository: https://grafana-community.github.io/helm-charts
  version: 12.10.4
digest: sha256:1acb2989498f90d48cfb9336cd9ffdb4150a2fc3024eb3fece301247627c31f0
generated: "2026-08-07T11:11:41.146463167Z"
