dependencies:
- name: base
  repository: file://../../../base
  version: 1.0.0
- name: grafana
  repository: https://grafana-community.github.io/helm-charts
  version: 12.4.1
digest: sha256:6d3ab6cf7bc92ad082d644d3d117472a6c0d50bf33c7747d6038fc21d281c4a2
generated: "2026-05-26T09:29:08.7585487+02:00"
