dependencies:
- name: base
  repository: file://../../../base
  version: 1.0.0
- name: n8n
  repository: https://community-charts.github.io/helm-charts
  version: 1.24.35
- name: cluster
  repository: https://cloudnative-pg.github.io/charts
  version: 0.8.1
digest: sha256:27e5ed4e4f5b05bbfca204ffa077aaa93e2731219386eff2e3e51c9d7a070071
generated: "2026-09-01T12:44:03.591989702Z"
