dependencies:
- name: base
  repository: file://../../../base
  version: 1.0.0
- name: n8n
  repository: https://community-charts.github.io/helm-charts
  version: 1.24.5
- name: cluster
  repository: https://cloudnative-pg.github.io/charts
  version: 0.7.0
digest: sha256:4e53a4a2047bc033fe86c3f61afb2a03151aaea90d715951653a214524624d2f
generated: "2026-07-04T04:36:48.116767615Z"
