dependencies:
- name: base
  repository: file://../../../base
  version: 1.0.0
- name: n8n
  repository: https://community-charts.github.io/helm-charts
  version: 1.24.16
- name: cluster
  repository: https://cloudnative-pg.github.io/charts
  version: 0.8.1
digest: sha256:18bef870b4ba20418bcfe40b40738af44d929a7a04fa588bb63c37e132d3336e
generated: "2026-07-22T05:28:17.8162629Z"
