dependencies:
- name: base
  repository: file://../../../base
  version: 1.0.0
- name: authentik
  repository: https://charts.goauthentik.io
  version: 2026.5.4
- name: cluster
  repository: https://cloudnative-pg.github.io/charts
  version: 0.7.0
digest: sha256:c020fd8dea63386c2e5d3fe9f96269acfe3ff49de910b1b4ae98640d2a99cebf
generated: "2026-07-08T13:53:39.619486451Z"
